<?xml version="1.0" encoding="utf-8"?>
<Project ToolsVersion="4.0" xmlns="http://schemas.microsoft.com/developer/msbuild/2003">
  <ItemGroup>
    <ClCompile Include="Bitboard.cpp">
      <Filter>Source Files</Filter>
    </ClCompile>
    <ClCompile Include="Board.cpp">
      <Filter>Source Files</Filter>
    </ClCompile>
    <ClCompile Include="Engine.cpp">
      <Filter>Source Files</Filter>
    </ClCompile>
    <ClCompile Include="GameLogic.cpp">
      <Filter>Source Files</Filter>
    </ClCompile>
    <ClCompile Include="MoveGen.cpp">
      <Filter>Source Files</Filter>
    </ClCompile>
    <ClCompile Include="NNUE.cpp">
      <Filter>Source Files</Filter>
    </ClCompile>
    <ClCompile Include="NNUETrainer.cpp">
      <Filter>Source Files</Filter>
    </ClCompile>
    <ClCompile Include="SelfPlayGen.cpp">
      <Filter>Source Files</Filter>
    </ClCompile>
    <ClCompile Include="TrainingRunner.cpp">
      <Filter>Source Files</Filter>
    </ClCompile>
    <ClCompile Include="Syzygy.cpp">
      <Filter>Source Files</Filter>
    </ClCompile>
    <ClCompile Include="tbprobe.c">
      <Filter>Source Files</Filter>
    </ClCompile>
    <ClCompile Include="DuckNNUE.cpp">
      <Filter>Source Files</Filter>
    </ClCompile>
  </ItemGroup>
  <ItemGroup>
    <ClInclude Include="Bitboard.h">
      <Filter>Header Files</Filter>
    </ClInclude>
    <ClInclude Include="Board.h">
      <Filter>Header Files</Filter>
    </ClInclude>
    <ClInclude Include="Engine.h">
      <Filter>Header Files</Filter>
    </ClInclude>
    <ClInclude Include="MoveGen.h">
      <Filter>Header Files</Filter>
    </ClInclude>
    <ClInclude Include="NNUE.h">
      <Filter>Header Files</Filter>
    </ClInclude>
    <ClInclude Include="NNUETrainer.h">
      <Filter>Header Files</Filter>
    </ClInclude>
    <ClInclude Include="SelfPlayGen.h">
      <Filter>Header Files</Filter>
    </ClInclude>
    <ClInclude Include="Types.h">
      <Filter>Header Files</Filter>
    </ClInclude>
    <ClInclude Include="AssetPath.h">
      <Filter>Header Files</Filter>
    </ClInclude>
    <ClInclude Include="TR_Types.h">
      <Filter>Header Files</Filter>
    </ClInclude>
    <ClInclude Include="TR_Fwd.h">
      <Filter>Header Files</Filter>
    </ClInclude>
    <ClInclude Include="TR_Logger.h">
      <Filter>Header Files</Filter>
    </ClInclude>
    <ClInclude Include="TR_Globals.h">
      <Filter>Header Files</Filter>
    </ClInclude>
    <ClInclude Include="Syzygy.h">
      <Filter>Header Files</Filter>
    </ClInclude>
  </ItemGroup>
  <ItemGroup>
    <Filter Include="Header Files">
      <UniqueIdentifier>{d8af5ab6-65f5-4435-8d29-5f882ca5f274}</UniqueIdentifier>
    </Filter>
    <Filter Include="Source Files">
      <UniqueIdentifier>{a96d2260-bd25-4606-ba5f-bfd1342c942a}</UniqueIdentifier>
    </Filter>
    <Filter Include="Resource Files">
      <UniqueIdentifier>{381e1d03-35e7-4930-9af9-bbdd7f4696fb}</UniqueIdentifier>
    </Filter>
  </ItemGroup>
  <ItemGroup>
    <CopyFileToFolders Include="x64\Release\train_nnue.py">
      <Filter>Resource Files</Filter>
    </CopyFileToFolders>
  </ItemGroup>
</Project>